
Microsoft Visual Studio Solution File, Format Version 12.00
# Visual Studio 2012
Project("{FAE04EC0-301F-11D3-BF4B-00C04F79EFBC}") = "primera_aplicacion", "primera_aplicacion\primera_aplicacion.csproj", "{B67E29C3-7B1F-44BF-8D9E-CD215AEBB464}"
EndProject
Global
	GlobalSection(SolutionConfigurationPlatforms) = preSolution
		Debug|Any CPU = Debug|Any CPU
		Release|Any CPU = Release|Any CPU
	EndGlobalSection
	GlobalSection(ProjectConfigurationPlatforms) = postSolution
		{B67E29C3-7B1F-44BF-8D9E-CD215AEBB464}.Debug|Any CPU.ActiveCfg = Debug|Any CPU
		{B67E29C3-7B1F-44BF-8D9E-CD215AEBB464}.Debug|Any CPU.Build.0 = Debug|Any CPU
		{B67E29C3-7B1F-44BF-8D9E-CD215AEBB464}.Release|Any CPU.ActiveCfg = Release|Any CPU
		{B67E29C3-7B1F-44BF-8D9E-CD215AEBB464}.Release|Any CPU.Build.0 = Release|Any CPU
	EndGlobalSection
	GlobalSection(SolutionProperties) = preSolution
		HideSolutionNode = FALSE
	EndGlobalSection
EndGlobal
